
Microsoft Visual Studio Solution File, Format Version 12.00
# Visual Studio Version 17
VisualStudioVersion = 17.7.34202.233
MinimumVisualStudioVersion = 10.0.40219.1
Project("{FAE04EC0-301F-11D3-BF4B-00C04F79EFBC}") = "OpcUaEvents", "OpcUaEvents.csproj", "{E50085C7-37C6-402C-8572-5572E405AE56}"
EndProject
Global
	GlobalSection(SolutionConfigurationPlatforms) = preSolution
		Debug|Any CPU = Debug|Any CPU
		Release|Any CPU = Release|Any CPU
	EndGlobalSection
	GlobalSection(ProjectConfigurationPlatforms) = postSolution
		{E50085C7-37C6-402C-8572-5572E405AE56}.Debug|Any CPU.ActiveCfg = Debug|Any CPU
		{E50085C7-37C6-402C-8572-5572E405AE56}.Debug|Any CPU.Build.0 = Debug|Any CPU
		{E50085C7-37C6-402C-8572-5572E405AE56}.Release|Any CPU.ActiveCfg = Release|Any CPU
		{E50085C7-37C6-402C-8572-5572E405AE56}.Release|Any CPU.Build.0 = Release|Any CPU
	EndGlobalSection
	GlobalSection(SolutionProperties) = preSolution
		HideSolutionNode = FALSE
	EndGlobalSection
	GlobalSection(ExtensibilityGlobals) = postSolution
		SolutionGuid = {69D8C828-6803-43E1-975C-67A349B199B8}
	EndGlobalSection
EndGlobal
